
Microsoft Visual Studio Solution File, Format Version 12.00
Project("{0A9DD490-84FC-46CF-8308-4C9EE5F86DCD}") = "CbtBackend", "CbtBackend.csproj", "{0C369C35-BB62-429B-9963-90DE9B9F5B6E}"
EndProject
Global
	GlobalSection(SolutionConfigurationPlatforms) = preSolution
		Debug|Any CPU = Debug|Any CPU
		Release|Any CPU = Release|Any CPU
	EndGlobalSection
	GlobalSection(ProjectConfigurationPlatforms) = postSolution
		{0C369C35-BB62-429B-9963-90DE9B9F5B6E}.Debug|Any CPU.ActiveCfg = Debug|Any CPU
		{0C369C35-BB62-429B-9963-90DE9B9F5B6E}.Debug|Any CPU.Build.0 = Debug|Any CPU
		{0C369C35-BB62-429B-9963-90DE9B9F5B6E}.Release|Any CPU.ActiveCfg = Release|Any CPU
		{0C369C35-BB62-429B-9963-90DE9B9F5B6E}.Release|Any CPU.Build.0 = Release|Any CPU
	EndGlobalSection
EndGlobal
